
Microsoft Visual Studio Solution File, Format Version 12.00
# Visual Studio Version 17
VisualStudioVersion = 17.9.34622.214
MinimumVisualStudioVersion = 10.0.40219.1
Project("{9A19103F-16F7-4668-BE54-9A1E7A4F7556}") = "FinanMan.Server", "FinanMan\Server\FinanMan.Server.csproj", "{9E629DFC-2C82-4E84-9FFE-A1AF009B8435}"
EndProject
Project("{9A19103F-16F7-4668-BE54-9A1E7A4F7556}") = "FinanMan.Client", "FinanMan\Client\FinanMan.Client.csproj", "{63F5E3F5-1B5C-42DF-BAD4-EB2BDA639FA4}"
EndProject
Project("{9A19103F-16F7-4668-BE54-9A1E7A4F7556}") = "FinanMan.Shared", "FinanMan\Shared\FinanMan.Shared.csproj", "{DD443A8A-0A78-4CC5-8A6A-B5385274DCC0}"
EndProject
Project("{2150E333-8FDC-42A3-9474-1A3956D46DE8}") = "Shared Libraries", "Shared Libraries", "{11443E3A-304F-42BF-BCF5-BBA9C6881606}"
EndProject
Project("{2150E333-8FDC-42A3-9474-1A3956D46DE8}") = "Blazor UI", "Blazor UI", "{9E61016B-80C3-4A49-AEFC-59D30044E4D6}"
EndProject
Project("{2150E333-8FDC-42A3-9474-1A3956D46DE8}") = "BlazorServerOnly", "BlazorServerOnly", "{D5F2565F-52BF-4895-9C26-2F54859A6EC0}"
EndProject
Project("{2150E333-8FDC-42A3-9474-1A3956D46DE8}") = "Blazor Web Assembly", "Blazor Web Assembly", "{E48113AF-ACB1-4857-AE33-FC21A20F1981}"
EndProject
Project("{FAE04EC0-301F-11D3-BF4B-00C04F79EFBC}") = "FinanMan.ServerOnly", "FinanMan.ServerOnly\FinanMan.ServerOnly.csproj", "{5191D50E-CD43-43D2-9262-B9BD699CDFC5}"
EndProject
Project("{2150E333-8FDC-42A3-9474-1A3956D46DE8}") = "Database", "Database", "{E0466280-A342-4A01-916F-ED7EB6E11541}"
EndProject
Project("{FAE04EC0-301F-11D3-BF4B-00C04F79EFBC}") = "FinanMan.Database", "FinanMan.Database\FinanMan.Database.csproj", "{E0D2F5CE-1B72-4036-A1AD-571A2C7BE8F5}"
EndProject
Project("{FAE04EC0-301F-11D3-BF4B-00C04F79EFBC}") = "FinanMan.Databse.Models", "FinanMan.Databse.Models\FinanMan.Databse.Models.csproj", "{CCC4B446-A727-4C06-8296-DD360DECDBA1}"
EndProject
Project("{FAE04EC0-301F-11D3-BF4B-00C04F79EFBC}") = "FinanMan.Database.Migrations", "FinanMan.Database.Migrations\FinanMan.Database.Migrations.csproj", "{A2732280-FE78-4EB0-8482-13BACFB1FC0F}"
EndProject
Project("{FAE04EC0-301F-11D3-BF4B-00C04F79EFBC}") = "FinanMan.BlazorUi", "FinanMan.BlazorUi\FinanMan.BlazorUi.csproj", "{9AA633D0-4EA1-40DC-846E-433942F5F36D}"
EndProject
Project("{2150E333-8FDC-42A3-9474-1A3956D46DE8}") = "Tests", "Tests", "{5167BE3E-40BD-4E94-B302-FDA2AE940595}"
EndProject
Project("{FAE04EC0-301F-11D3-BF4B-00C04F79EFBC}") = "FinanMan.SharedServer", "FinanMan.SharedServer\FinanMan.SharedServer.csproj", "{7A09F3D3-6E39-420F-ABBB-004023800650}"
EndProject
Project("{FAE04EC0-301F-11D3-BF4B-00C04F79EFBC}") = "FinanMan.Tests", "FinanMan.Tests\FinanMan.Tests.csproj", "{4500D6D3-D9D3-4AC3-A3AB-0EF1484CFA35}"
EndProject
Project("{2150E333-8FDC-42A3-9474-1A3956D46DE8}") = "_Dev", "_Dev", "{4B971A5D-0AF4-4502-9D7A-E623A20EC577}"
	ProjectSection(SolutionItems) = preProject
		links.txt = links.txt
	EndProjectSection
EndProject
Global
	GlobalSection(SolutionConfigurationPlatforms) = preSolution
		Debug|Any CPU = Debug|Any CPU
		Release|Any CPU = Release|Any CPU
	EndGlobalSection
	GlobalSection(ProjectConfigurationPlatforms) = postSolution
		{9E629DFC-2C82-4E84-9FFE-A1AF009B8435}.Debug|Any CPU.ActiveCfg = Debug|Any CPU
		{9E629DFC-2C82-4E84-9FFE-A1AF009B8435}.Debug|Any CPU.Build.0 = Debug|Any CPU
		{9E629DFC-2C82-4E84-9FFE-A1AF009B8435}.Release|Any CPU.ActiveCfg = Release|Any CPU
		{9E629DFC-2C82-4E84-9FFE-A1AF009B8435}.Release|Any CPU.Build.0 = Release|Any CPU
		{63F5E3F5-1B5C-42DF-BAD4-EB2BDA639FA4}.Debug|Any CPU.ActiveCfg = Debug|Any CPU
		{63F5E3F5-1B5C-42DF-BAD4-EB2BDA639FA4}.Debug|Any CPU.Build.0 = Debug|Any CPU
		{63F5E3F5-1B5C-42DF-BAD4-EB2BDA639FA4}.Release|Any CPU.ActiveCfg = Release|Any CPU
		{63F5E3F5-1B5C-42DF-BAD4-EB2BDA639FA4}.Release|Any CPU.Build.0 = Release|Any CPU
		{DD443A8A-0A78-4CC5-8A6A-B5385274DCC0}.Debug|Any CPU.ActiveCfg = Debug|Any CPU
		{DD443A8A-0A78-4CC5-8A6A-B5385274DCC0}.Debug|Any CPU.Build.0 = Debug|Any CPU
		{DD443A8A-0A78-4CC5-8A6A-B5385274DCC0}.Release|Any CPU.ActiveCfg = Release|Any CPU
		{DD443A8A-0A78-4CC5-8A6A-B5385274DCC0}.Release|Any CPU.Build.0 = Release|Any CPU
		{5191D50E-CD43-43D2-9262-B9BD699CDFC5}.Debug|Any CPU.ActiveCfg = Debug|Any CPU
		{5191D50E-CD43-43D2-9262-B9BD699CDFC5}.Debug|Any CPU.Build.0 = Debug|Any CPU
		{5191D50E-CD43-43D2-9262-B9BD699CDFC5}.Release|Any CPU.ActiveCfg = Release|Any CPU
		{5191D50E-CD43-43D2-9262-B9BD699CDFC5}.Release|Any CPU.Build.0 = Release|Any CPU
		{E0D2F5CE-1B72-4036-A1AD-571A2C7BE8F5}.Debug|Any CPU.ActiveCfg = Debug|Any CPU
		{E0D2F5CE-1B72-4036-A1AD-571A2C7BE8F5}.Debug|Any CPU.Build.0 = Debug|Any CPU
		{E0D2F5CE-1B72-4036-A1AD-571A2C7BE8F5}.Release|Any CPU.ActiveCfg = Release|Any CPU
		{E0D2F5CE-1B72-4036-A1AD-571A2C7BE8F5}.Release|Any CPU.Build.0 = Release|Any CPU
		{CCC4B446-A727-4C06-8296-DD360DECDBA1}.Debug|Any CPU.ActiveCfg = Debug|Any CPU
		{CCC4B446-A727-4C06-8296-DD360DECDBA1}.Debug|Any CPU.Build.0 = Debug|Any CPU
		{CCC4B446-A727-4C06-8296-DD360DECDBA1}.Release|Any CPU.ActiveCfg = Release|Any CPU
		{CCC4B446-A727-4C06-8296-DD360DECDBA1}.Release|Any CPU.Build.0 = Release|Any CPU
		{A2732280-FE78-4EB0-8482-13BACFB1FC0F}.Debug|Any CPU.ActiveCfg = Debug|Any CPU
		{A2732280-FE78-4EB0-8482-13BACFB1FC0F}.Debug|Any CPU.Build.0 = Debug|Any CPU
		{A2732280-FE78-4EB0-8482-13BACFB1FC0F}.Release|Any CPU.ActiveCfg = Release|Any CPU
		{A2732280-FE78-4EB0-8482-13BACFB1FC0F}.Release|Any CPU.Build.0 = Release|Any CPU
		{9AA633D0-4EA1-40DC-846E-433942F5F36D}.Debug|Any CPU.ActiveCfg = Debug|Any CPU
		{9AA633D0-4EA1-40DC-846E-433942F5F36D}.Debug|Any CPU.Build.0 = Debug|Any CPU
		{9AA633D0-4EA1-40DC-846E-433942F5F36D}.Release|Any CPU.ActiveCfg = Release|Any CPU
		{9AA633D0-4EA1-40DC-846E-433942F5F36D}.Release|Any CPU.Build.0 = Release|Any CPU
		{7A09F3D3-6E39-420F-ABBB-004023800650}.Debug|Any CPU.ActiveCfg = Debug|Any CPU
		{7A09F3D3-6E39-420F-ABBB-004023800650}.Debug|Any CPU.Build.0 = Debug|Any CPU
		{7A09F3D3-6E39-420F-ABBB-004023800650}.Release|Any CPU.ActiveCfg = Release|Any CPU
		{7A09F3D3-6E39-420F-ABBB-004023800650}.Release|Any CPU.Build.0 = Release|Any CPU
		{4500D6D3-D9D3-4AC3-A3AB-0EF1484CFA35}.Debug|Any CPU.ActiveCfg = Debug|Any CPU
		{4500D6D3-D9D3-4AC3-A3AB-0EF1484CFA35}.Debug|Any CPU.Build.0 = Debug|Any CPU
		{4500D6D3-D9D3-4AC3-A3AB-0EF1484CFA35}.Release|Any CPU.ActiveCfg = Release|Any CPU
		{4500D6D3-D9D3-4AC3-A3AB-0EF1484CFA35}.Release|Any CPU.Build.0 = Release|Any CPU
	EndGlobalSection
	GlobalSection(SolutionProperties) = preSolution
		HideSolutionNode = FALSE
	EndGlobalSection
	GlobalSection(NestedProjects) = preSolution
		{9E629DFC-2C82-4E84-9FFE-A1AF009B8435} = {E48113AF-ACB1-4857-AE33-FC21A20F1981}
		{63F5E3F5-1B5C-42DF-BAD4-EB2BDA639FA4} = {E48113AF-ACB1-4857-AE33-FC21A20F1981}
		{DD443A8A-0A78-4CC5-8A6A-B5385274DCC0} = {11443E3A-304F-42BF-BCF5-BBA9C6881606}
		{5191D50E-CD43-43D2-9262-B9BD699CDFC5} = {D5F2565F-52BF-4895-9C26-2F54859A6EC0}
		{E0D2F5CE-1B72-4036-A1AD-571A2C7BE8F5} = {E0466280-A342-4A01-916F-ED7EB6E11541}
		{CCC4B446-A727-4C06-8296-DD360DECDBA1} = {E0466280-A342-4A01-916F-ED7EB6E11541}
		{A2732280-FE78-4EB0-8482-13BACFB1FC0F} = {E0466280-A342-4A01-916F-ED7EB6E11541}
		{9AA633D0-4EA1-40DC-846E-433942F5F36D} = {9E61016B-80C3-4A49-AEFC-59D30044E4D6}
		{7A09F3D3-6E39-420F-ABBB-004023800650} = {11443E3A-304F-42BF-BCF5-BBA9C6881606}
		{4500D6D3-D9D3-4AC3-A3AB-0EF1484CFA35} = {5167BE3E-40BD-4E94-B302-FDA2AE940595}
	EndGlobalSection
	GlobalSection(ExtensibilityGlobals) = postSolution
		SolutionGuid = {C12F5476-AD85-4D92-B3F2-7F1E0B955BC8}
	EndGlobalSection
EndGlobal
